
Microsoft Visual Studio Solution File, Format Version 12.00
# Visual Studio Version 16
VisualStudioVersion = 16.0.32929.386
MinimumVisualStudioVersion = 10.0.40219.1
Project("{FAE04EC0-301F-11D3-BF4B-00C04F79EFBC}") = "verlet_idk", "verlet_idk\verlet_idk.csproj", "{9474A870-F34F-49C7-93A4-C70618336CDC}"
EndProject
Global
	GlobalSection(SolutionConfigurationPlatforms) = preSolution
		Debug|Any CPU = Debug|Any CPU
		Release|Any CPU = Release|Any CPU
	EndGlobalSection
	GlobalSection(ProjectConfigurationPlatforms) = postSolution
		{9474A870-F34F-49C7-93A4-C70618336CDC}.Debug|Any CPU.ActiveCfg = Debug|Any CPU
		{9474A870-F34F-49C7-93A4-C70618336CDC}.Debug|Any CPU.Build.0 = Debug|Any CPU
		{9474A870-F34F-49C7-93A4-C70618336CDC}.Release|Any CPU.ActiveCfg = Release|Any CPU
		{9474A870-F34F-49C7-93A4-C70618336CDC}.Release|Any CPU.Build.0 = Release|Any CPU
	EndGlobalSection
	GlobalSection(SolutionProperties) = preSolution
		HideSolutionNode = FALSE
	EndGlobalSection
	GlobalSection(ExtensibilityGlobals) = postSolution
		SolutionGuid = {3A638555-0DD4-4328-8255-EE51107A0A91}
	EndGlobalSection
EndGlobal
